
Microsoft Visual Studio Solution File, Format Version 12.00
# Visual Studio Version 17
VisualStudioVersion = 17.10.35013.160
MinimumVisualStudioVersion = 10.0.40219.1
Project("{FAE04EC0-301F-11D3-BF4B-00C04F79EFBC}") = "Flange", "Flange.csproj", "{75EDA86B-3414-41D9-A397-4B4702CAB0FB}"
EndProject
Global
	GlobalSection(SolutionConfigurationPlatforms) = preSolution
		Debug|Any CPU = Debug|Any CPU
		Release|Any CPU = Release|Any CPU
	EndGlobalSection
	GlobalSection(ProjectConfigurationPlatforms) = postSolution
		{75EDA86B-3414-41D9-A397-4B4702CAB0FB}.Debug|Any CPU.ActiveCfg = Debug|Any CPU
		{75EDA86B-3414-41D9-A397-4B4702CAB0FB}.Debug|Any CPU.Build.0 = Debug|Any CPU
		{75EDA86B-3414-41D9-A397-4B4702CAB0FB}.Release|Any CPU.ActiveCfg = Release|Any CPU
		{75EDA86B-3414-41D9-A397-4B4702CAB0FB}.Release|Any CPU.Build.0 = Release|Any CPU
	EndGlobalSection
	GlobalSection(SolutionProperties) = preSolution
		HideSolutionNode = FALSE
	EndGlobalSection
	GlobalSection(ExtensibilityGlobals) = postSolution
		SolutionGuid = {D1E1340E-D39C-4893-8D55-9DE6BC62F600}
	EndGlobalSection
EndGlobal
